
Microsoft Visual Studio Solution File, Format Version 12.00
# Visual Studio Version 17
VisualStudioVersion = 17.4.33110.190
MinimumVisualStudioVersion = 10.0.40219.1
Project("{FAE04EC0-301F-11D3-BF4B-00C04F79EFBC}") = "PolymorphismApi", "PolymorphismApi\PolymorphismApi.csproj", "{8300AAB9-8558-457F-AE9F-A1185A578D52}"
EndProject
Project("{FAE04EC0-301F-11D3-BF4B-00C04F79EFBC}") = "OldApi", "OldApi\OldApi.csproj", "{9EB683E8-1566-41FB-8760-2C94B8901EB2}"
EndProject
Global
	GlobalSection(SolutionConfigurationPlatforms) = preSolution
		Debug|Any CPU = Debug|Any CPU
		Release|Any CPU = Release|Any CPU
	EndGlobalSection
	GlobalSection(ProjectConfigurationPlatforms) = postSolution
		{8300AAB9-8558-457F-AE9F-A1185A578D52}.Debug|Any CPU.ActiveCfg = Debug|Any CPU
		{8300AAB9-8558-457F-AE9F-A1185A578D52}.Debug|Any CPU.Build.0 = Debug|Any CPU
		{8300AAB9-8558-457F-AE9F-A1185A578D52}.Release|Any CPU.ActiveCfg = Release|Any CPU
		{8300AAB9-8558-457F-AE9F-A1185A578D52}.Release|Any CPU.Build.0 = Release|Any CPU
		{9EB683E8-1566-41FB-8760-2C94B8901EB2}.Debug|Any CPU.ActiveCfg = Debug|Any CPU
		{9EB683E8-1566-41FB-8760-2C94B8901EB2}.Debug|Any CPU.Build.0 = Debug|Any CPU
		{9EB683E8-1566-41FB-8760-2C94B8901EB2}.Release|Any CPU.ActiveCfg = Release|Any CPU
		{9EB683E8-1566-41FB-8760-2C94B8901EB2}.Release|Any CPU.Build.0 = Release|Any CPU
	EndGlobalSection
	GlobalSection(SolutionProperties) = preSolution
		HideSolutionNode = FALSE
	EndGlobalSection
	GlobalSection(ExtensibilityGlobals) = postSolution
		SolutionGuid = {A8BF2DDC-DDF9-4DA5-A788-7ACEC90DF8E5}
	EndGlobalSection
EndGlobal
